// !$*UTF8*$!
{
	archiveVersion = 1;
	classes = {
	};
	objectVersion = 56;
	objects = {

/* Begin PBXBuildFile section */
		79066BF929191C0B00FC9F08 /* AppCoordinator.swift in Sources */ = {isa = PBXBuildFile; fileRef = 79066BF829191C0B00FC9F08 /* AppCoordinator.swift */; };
		79066BFC29191C3900FC9F08 /* MainCoordinator.swift in Sources */ = {isa = PBXBuildFile; fileRef = 79066BFB29191C3900FC9F08 /* MainCoordinator.swift */; };
		79066BFF29191CAC00FC9F08 /* CompanyViewController.swift in Sources */ = {isa = PBXBuildFile; fileRef = 79066BFE29191CAC00FC9F08 /* CompanyViewController.swift */; };
		79066C0129191CBA00FC9F08 /* CompanyViewModel.swift in Sources */ = {isa = PBXBuildFile; fileRef = 79066C0029191CBA00FC9F08 /* CompanyViewModel.swift */; };
		79066C0329191D1100FC9F08 /* CompanyNetworkService.swift in Sources */ = {isa = PBXBuildFile; fileRef = 79066C0229191D1100FC9F08 /* CompanyNetworkService.swift */; };
		79066C0829191DBB00FC9F08 /* NetworkServiceProtocol.swift in Sources */ = {isa = PBXBuildFile; fileRef = 79066C0729191DBB00FC9F08 /* NetworkServiceProtocol.swift */; };
		79066C0A29191E0C00FC9F08 /* CoordinatorProtocol.swift in Sources */ = {isa = PBXBuildFile; fileRef = 79066C0929191E0C00FC9F08 /* CoordinatorProtocol.swift */; };
		790E89DE291933E7005824AF /* Company.swift in Sources */ = {isa = PBXBuildFile; fileRef = 790E89DD291933E7005824AF /* Company.swift */; };
		790E89E02919357A005824AF /* Employee.swift in Sources */ = {isa = PBXBuildFile; fileRef = 790E89DF2919357A005824AF /* Employee.swift */; };
		7973E64429190D8E00B26890 /* AppDelegate.swift in Sources */ = {isa = PBXBuildFile; fileRef = 7973E64329190D8E00B26890 /* AppDelegate.swift */; };
		7973E64E29190D8E00B26890 /* internship_ios_2022.xcdatamodeld in Sources */ = {isa = PBXBuildFile; fileRef = 7973E64C29190D8E00B26890 /* internship_ios_2022.xcdatamodeld */; };
		7973E65029190D9000B26890 /* Assets.xcassets in Resources */ = {isa = PBXBuildFile; fileRef = 7973E64F29190D9000B26890 /* Assets.xcassets */; };
		7973E65329190D9000B26890 /* LaunchScreen.storyboard in Resources */ = {isa = PBXBuildFile; fileRef = 7973E65129190D9000B26890 /* LaunchScreen.storyboard */; };
		C6918ECFB720431F6465BE16 /* Pods_internship_ios_2022.framework in Frameworks */ = {isa = PBXBuildFile; fileRef = 9B207ABB1576535377F164B9 /* Pods_internship_ios_2022.framework */; };
/* End PBXBuildFile section */

/* Begin PBXFileReference section */
		79066BF829191C0B00FC9F08 /* AppCoordinator.swift */ = {isa = PBXFileReference; lastKnownFileType = sourcecode.swift; path = AppCoordinator.swift; sourceTree = "<group>"; };
		79066BFB29191C3900FC9F08 /* MainCoordinator.swift */ = {isa = PBXFileReference; lastKnownFileType = sourcecode.swift; path = MainCoordinator.swift; sourceTree = "<group>"; };
		79066BFE29191CAC00FC9F08 /* CompanyViewController.swift */ = {isa = PBXFileReference; lastKnownFileType = sourcecode.swift; path = CompanyViewController.swift; sourceTree = "<group>"; };
		79066C0029191CBA00FC9F08 /* CompanyViewModel.swift */ = {isa = PBXFileReference; lastKnownFileType = sourcecode.swift; path = CompanyViewModel.swift; sourceTree = "<group>"; };
		79066C0229191D1100FC9F08 /* CompanyNetworkService.swift */ = {isa = PBXFileReference; lastKnownFileType = sourcecode.swift; path = CompanyNetworkService.swift; sourceTree = "<group>"; };
		79066C0729191DBB00FC9F08 /* NetworkServiceProtocol.swift */ = {isa = PBXFileReference; lastKnownFileType = sourcecode.swift; path = NetworkServiceProtocol.swift; sourceTree = "<group>"; };
		79066C0929191E0C00FC9F08 /* CoordinatorProtocol.swift */ = {isa = PBXFileReference; lastKnownFileType = sourcecode.swift; path = CoordinatorProtocol.swift; sourceTree = "<group>"; };
		790E89DD291933E7005824AF /* Company.swift */ = {isa = PBXFileReference; lastKnownFileType = sourcecode.swift; path = Company.swift; sourceTree = "<group>"; };
		790E89DF2919357A005824AF /* Employee.swift */ = {isa = PBXFileReference; lastKnownFileType = sourcecode.swift; path = Employee.swift; sourceTree = "<group>"; };
		7973E64029190D8E00B26890 /* internship_ios_2022.app */ = {isa = PBXFileReference; explicitFileType = wrapper.application; includeInIndex = 0; path = internship_ios_2022.app; sourceTree = BUILT_PRODUCTS_DIR; };
		7973E64329190D8E00B26890 /* AppDelegate.swift */ = {isa = PBXFileReference; lastKnownFileType = sourcecode.swift; path = AppDelegate.swift; sourceTree = "<group>"; };
		7973E64D29190D8E00B26890 /* internship_ios_2022.xcdatamodel */ = {isa = PBXFileReference; lastKnownFileType = wrapper.xcdatamodel; path = internship_ios_2022.xcdatamodel; sourceTree = "<group>"; };
		7973E64F29190D9000B26890 /* Assets.xcassets */ = {isa = PBXFileReference; lastKnownFileType = folder.assetcatalog; path = Assets.xcassets; sourceTree = "<group>"; };
		7973E65229190D9000B26890 /* Base */ = {isa = PBXFileReference; lastKnownFileType = file.storyboard; name = Base; path = Base.lproj/LaunchScreen.storyboard; sourceTree = "<group>"; };
		7973E65429190D9000B26890 /* Info.plist */ = {isa = PBXFileReference; lastKnownFileType = text.plist.xml; path = Info.plist; sourceTree = "<group>"; };
		9B207ABB1576535377F164B9 /* Pods_internship_ios_2022.framework */ = {isa = PBXFileReference; explicitFileType = wrapper.framework; includeInIndex = 0; path = Pods_internship_ios_2022.framework; sourceTree = BUILT_PRODUCTS_DIR; };
		B25F5697BFADE10F05EA7FB4 /* Pods-internship_ios_2022.debug.xcconfig */ = {isa = PBXFileReference; includeInIndex = 1; lastKnownFileType = text.xcconfig; name = "Pods-internship_ios_2022.debug.xcconfig"; path = "Target Support Files/Pods-internship_ios_2022/Pods-internship_ios_2022.debug.xcconfig"; sourceTree = "<group>"; };
		F4B17E567D41807A80A22657 /* Pods-internship_ios_2022.release.xcconfig */ = {isa = PBXFileReference; includeInIndex = 1; lastKnownFileType = text.xcconfig; name = "Pods-internship_ios_2022.release.xcconfig"; path = "Target Support Files/Pods-internship_ios_2022/Pods-internship_ios_2022.release.xcconfig"; sourceTree = "<group>"; };
/* End PBXFileReference section */

/* Begin PBXFrameworksBuildPhase section */
		7973E63D29190D8E00B26890 /* Frameworks */ = {
			isa = PBXFrameworksBuildPhase;
			buildActionMask = 2147483647;
			files = (
				C6918ECFB720431F6465BE16 /* Pods_internship_ios_2022.framework in Frameworks */,
			);
			runOnlyForDeploymentPostprocessing = 0;
		};
/* End PBXFrameworksBuildPhase section */

/* Begin PBXGroup section */
		79066BF4291918F000FC9F08 /* Resources */ = {
			isa = PBXGroup;
			children = (
				7973E64F29190D9000B26890 /* Assets.xcassets */,
				7973E65129190D9000B26890 /* LaunchScreen.storyboard */,
				7973E65429190D9000B26890 /* Info.plist */,
				7973E64C29190D8E00B26890 /* internship_ios_2022.xcdatamodeld */,
			);
			path = Resources;
			sourceTree = "<group>";
		};
		79066BF52919191300FC9F08 /* Flows */ = {
			isa = PBXGroup;
			children = (
				79066BF829191C0B00FC9F08 /* AppCoordinator.swift */,
				79066BFA29191C1000FC9F08 /* Main */,
			);
			path = Flows;
			sourceTree = "<group>";
		};
		79066BFA29191C1000FC9F08 /* Main */ = {
			isa = PBXGroup;
			children = (
				79066BFB29191C3900FC9F08 /* MainCoordinator.swift */,
				79066BFD29191C4000FC9F08 /* Company */,
			);
			path = Main;
			sourceTree = "<group>";
		};
		79066BFD29191C4000FC9F08 /* Company */ = {
			isa = PBXGroup;
			children = (
				79066BFE29191CAC00FC9F08 /* CompanyViewController.swift */,
				79066C0029191CBA00FC9F08 /* CompanyViewModel.swift */,
				79066C0229191D1100FC9F08 /* CompanyNetworkService.swift */,
			);
			path = Company;
			sourceTree = "<group>";
		};
		79066C0429191D4800FC9F08 /* Tools */ = {
			isa = PBXGroup;
			children = (
				79066C0529191D6E00FC9F08 /* Services */,
			);
			path = Tools;
			sourceTree = "<group>";
		};
		79066C0529191D6E00FC9F08 /* Services */ = {
			isa = PBXGroup;
			children = (
			);
			path = Services;
			sourceTree = "<group>";
		};
		79066C0629191D8A00FC9F08 /* Protocols */ = {
			isa = PBXGroup;
			children = (
				79066C0729191DBB00FC9F08 /* NetworkServiceProtocol.swift */,
				79066C0929191E0C00FC9F08 /* CoordinatorProtocol.swift */,
			);
			path = Protocols;
			sourceTree = "<group>";
		};
		790E89DC291933BC005824AF /* Models */ = {
			isa = PBXGroup;
			children = (
				790E89DD291933E7005824AF /* Company.swift */,
				790E89DF2919357A005824AF /* Employee.swift */,
			);
			path = Models;
			sourceTree = "<group>";
		};
		7973E63729190D8E00B26890 = {
			isa = PBXGroup;
			children = (
				7973E64229190D8E00B26890 /* internship_ios_2022 */,
				7973E64129190D8E00B26890 /* Products */,
				89A0DD24C4D2FA05090AE2D7 /* Pods */,
				E2A2D2D0BB6DB28D7950945A /* Frameworks */,
			);
			sourceTree = "<group>";
		};
		7973E64129190D8E00B26890 /* Products */ = {
			isa = PBXGroup;
			children = (
				7973E64029190D8E00B26890 /* internship_ios_2022.app */,
			);
			name = Products;
			sourceTree = "<group>";
		};
		7973E64229190D8E00B26890 /* internship_ios_2022 */ = {
			isa = PBXGroup;
			children = (
				7973E64329190D8E00B26890 /* AppDelegate.swift */,
				79066BF52919191300FC9F08 /* Flows */,
				790E89DC291933BC005824AF /* Models */,
				79066C0629191D8A00FC9F08 /* Protocols */,
				79066C0429191D4800FC9F08 /* Tools */,
				79066BF4291918F000FC9F08 /* Resources */,
			);
			path = internship_ios_2022;
			sourceTree = "<group>";
		};
		89A0DD24C4D2FA05090AE2D7 /* Pods */ = {
			isa = PBXGroup;
			children = (
				B25F5697BFADE10F05EA7FB4 /* Pods-internship_ios_2022.debug.xcconfig */,
				F4B17E567D41807A80A22657 /* Pods-internship_ios_2022.release.xcconfig */,
			);
			path = Pods;
			sourceTree = "<group>";
		};
		E2A2D2D0BB6DB28D7950945A /* Frameworks */ = {
			isa = PBXGroup;
			children = (
				9B207ABB1576535377F164B9 /* Pods_internship_ios_2022.framework */,
			);
			name = Frameworks;
			sourceTree = "<group>";
		};
/* End PBXGroup section */

/* Begin PBXNativeTarget section */
		7973E63F29190D8E00B26890 /* internship_ios_2022 */ = {
			isa = PBXNativeTarget;
			buildConfigurationList = 7973E65729190D9000B26890 /* Build configuration list for PBXNativeTarget "internship_ios_2022" */;
			buildPhases = (
				599C0FD550C2CF13D9779528 /* [CP] Check Pods Manifest.lock */,
				7973E63C29190D8E00B26890 /* Sources */,
				7973E63D29190D8E00B26890 /* Frameworks */,
				7973E63E29190D8E00B26890 /* Resources */,
				790E89DB29192350005824AF /* ShellScript */,
			);
			buildRules = (
			);
			dependencies = (
			);
			name = internship_ios_2022;
			productName = internship_ios_2022;
			productReference = 7973E64029190D8E00B26890 /* internship_ios_2022.app */;
			productType = "com.apple.product-type.application";
		};
/* End PBXNativeTarget section */

/* Begin PBXProject section */
		7973E63829190D8E00B26890 /* Project object */ = {
			isa = PBXProject;
			attributes = {
				BuildIndependentTargetsInParallel = 1;
				LastSwiftUpdateCheck = 1400;
				LastUpgradeCheck = 1400;
				TargetAttributes = {
					7973E63F29190D8E00B26890 = {
						CreatedOnToolsVersion = 14.0.1;
					};
				};
			};
			buildConfigurationList = 7973E63B29190D8E00B26890 /* Build configuration list for PBXProject "internship_ios_2022" */;
			compatibilityVersion = "Xcode 14.0";
			developmentRegion = en;
			hasScannedForEncodings = 0;
			knownRegions = (
				en,
				Base,
			);
			mainGroup = 7973E63729190D8E00B26890;
			productRefGroup = 7973E64129190D8E00B26890 /* Products */;
			projectDirPath = "";
			projectRoot = "";
			targets = (
				7973E63F29190D8E00B26890 /* internship_ios_2022 */,
			);
		};
/* End PBXProject section */

/* Begin PBXResourcesBuildPhase section */
		7973E63E29190D8E00B26890 /* Resources */ = {
			isa = PBXResourcesBuildPhase;
			buildActionMask = 2147483647;
			files = (
				7973E65329190D9000B26890 /* LaunchScreen.storyboard in Resources */,
				7973E65029190D9000B26890 /* Assets.xcassets in Resources */,
			);
			runOnlyForDeploymentPostprocessing = 0;
		};
/* End PBXResourcesBuildPhase section */

/* Begin PBXShellScriptBuildPhase section */
		599C0FD550C2CF13D9779528 /* [CP] Check Pods Manifest.lock */ = {
			isa = PBXShellScriptBuildPhase;
			buildActionMask = 2147483647;
			files = (
			);
			inputFileListPaths = (
			);
			inputPaths = (
				"${PODS_PODFILE_DIR_PATH}/Podfile.lock",
				"${PODS_ROOT}/Manifest.lock",
			);
			name = "[CP] Check Pods Manifest.lock";
			outputFileListPaths = (
			);
			outputPaths = (
				"$(DERIVED_FILE_DIR)/Pods-internship_ios_2022-checkManifestLockResult.txt",
			);
			runOnlyForDeploymentPostprocessing = 0;
			shellPath = /bin/sh;
			shellScript = "diff \"${PODS_PODFILE_DIR_PATH}/Podfile.lock\" \"${PODS_ROOT}/Manifest.lock\" > /dev/null\nif [ $? != 0 ] ; then\n    # print error to STDERR\n    echo \"error: The sandbox is not in sync with the Podfile.lock. Run 'pod install' or update your CocoaPods installation.\" >&2\n    exit 1\nfi\n# This output is used by Xcode 'outputs' to avoid re-running this script phase.\necho \"SUCCESS\" > \"${SCRIPT_OUTPUT_FILE_0}\"\n";
			showEnvVarsInLog = 0;
		};
		790E89DB29192350005824AF /* ShellScript */ = {
			isa = PBXShellScriptBuildPhase;
			buildActionMask = 2147483647;
			files = (
			);
			inputFileListPaths = (
			);
			inputPaths = (
			);
			outputFileListPaths = (
			);
			outputPaths = (
			);
			runOnlyForDeploymentPostprocessing = 0;
			shellPath = /bin/sh;
			shellScript = "\"${PODS_ROOT}/SwiftLint/swiftlint\"\n";
		};
/* End PBXShellScriptBuildPhase section */

/* Begin PBXSourcesBuildPhase section */
		7973E63C29190D8E00B26890 /* Sources */ = {
			isa = PBXSourcesBuildPhase;
			buildActionMask = 2147483647;
			files = (
				79066BF929191C0B00FC9F08 /* AppCoordinator.swift in Sources */,
				79066BFC29191C3900FC9F08 /* MainCoordinator.swift in Sources */,
				79066C0129191CBA00FC9F08 /* CompanyViewModel.swift in Sources */,
				790E89E02919357A005824AF /* Employee.swift in Sources */,
				790E89DE291933E7005824AF /* Company.swift in Sources */,
				7973E64429190D8E00B26890 /* AppDelegate.swift in Sources */,
				79066C0829191DBB00FC9F08 /* NetworkServiceProtocol.swift in Sources */,
				79066C0A29191E0C00FC9F08 /* CoordinatorProtocol.swift in Sources */,
				79066BFF29191CAC00FC9F08 /* CompanyViewController.swift in Sources */,
				7973E64E29190D8E00B26890 /* internship_ios_2022.xcdatamodeld in Sources */,
				79066C0329191D1100FC9F08 /* CompanyNetworkService.swift in Sources */,
			);
			runOnlyForDeploymentPostprocessing = 0;
		};
/* End PBXSourcesBuildPhase section */

/* Begin PBXVariantGroup section */
		7973E65129190D9000B26890 /* LaunchScreen.storyboard */ = {
			isa = PBXVariantGroup;
			children = (
				7973E65229190D9000B26890 /* Base */,
			);
			name = LaunchScreen.storyboard;
			sourceTree = "<group>";
		};
/* End PBXVariantGroup section */

/* Begin XCBuildConfiguration section */
		7973E65529190D9000B26890 /* Debug */ = {
			isa = XCBuildConfiguration;
			buildSettings = {
				ALWAYS_SEARCH_USER_PATHS = NO;
				CLANG_ANALYZER_NONNULL = YES;
				CLANG_ANALYZER_NUMBER_OBJECT_CONVERSION = YES_AGGRESSIVE;
				CLANG_CXX_LANGUAGE_STANDARD = "gnu++20";
				CLANG_ENABLE_MODULES = YES;
				CLANG_ENABLE_OBJC_ARC = YES;
				CLANG_ENABLE_OBJC_WEAK = YES;
				CLANG_WARN_BLOCK_CAPTURE_AUTORELEASING = YES;
				CLANG_WARN_BOOL_CONVERSION = YES;
				CLANG_WARN_COMMA = YES;
				CLANG_WARN_CONSTANT_CONVERSION = YES;
				CLANG_WARN_DEPRECATED_OBJC_IMPLEMENTATIONS = YES;
				CLANG_WARN_DIRECT_OBJC_ISA_USAGE = YES_ERROR;
				CLANG_WARN_DOCUMENTATION_COMMENTS = YES;
				CLANG_WARN_EMPTY_BODY = YES;
				CLANG_WARN_ENUM_CONVERSION = YES;
				CLANG_WARN_INFINITE_RECURSION = YES;
				CLANG_WARN_INT_CONVERSION = YES;
				CLANG_WARN_NON_LITERAL_NULL_CONVERSION = YES;
				CLANG_WARN_OBJC_IMPLICIT_RETAIN_SELF = YES;
				CLANG_WARN_OBJC_LITERAL_CONVERSION = YES;
				CLANG_WARN_OBJC_ROOT_CLASS = YES_ERROR;
				CLANG_WARN_QUOTED_INCLUDE_IN_FRAMEWORK_HEADER = YES;
				CLANG_WARN_RANGE_LOOP_ANALYSIS = YES;
				CLANG_WARN_STRICT_PROTOTYPES = YES;
				CLANG_WARN_SUSPICIOUS_MOVE = YES;
				CLANG_WARN_UNGUARDED_AVAILABILITY = YES_AGGRESSIVE;
				CLANG_WARN_UNREACHABLE_CODE = YES;
				CLANG_WARN__DUPLICATE_METHOD_MATCH = YES;
				COPY_PHASE_STRIP = NO;
				DEBUG_INFORMATION_FORMAT = dwarf;
				ENABLE_STRICT_OBJC_MSGSEND = YES;
				ENABLE_TESTABILITY = YES;
				GCC_C_LANGUAGE_STANDARD = gnu11;
				GCC_DYNAMIC_NO_PIC = NO;
				GCC_NO_COMMON_BLOCKS = YES;
				GCC_OPTIMIZATION_LEVEL = 0;
				GCC_PREPROCESSOR_DEFINITIONS = (
					"DEBUG=1",
					"$(inherited)",
				);
				GCC_WARN_64_TO_32_BIT_CONVERSION = YES;
				GCC_WARN_ABOUT_RETURN_TYPE = YES_ERROR;
				GCC_WARN_UNDECLARED_SELECTOR = YES;
				GCC_WARN_UNINITIALIZED_AUTOS = YES_AGGRESSIVE;
				GCC_WARN_UNUSED_FUNCTION = YES;
				GCC_WARN_UNUSED_VARIABLE = YES;
				IPHONEOS_DEPLOYMENT_TARGET = 16.0;
				MTL_ENABLE_DEBUG_INFO = INCLUDE_SOURCE;
				MTL_FAST_MATH = YES;
				ONLY_ACTIVE_ARCH = YES;
				SDKROOT = iphoneos;
				SWIFT_ACTIVE_COMPILATION_CONDITIONS = DEBUG;
				SWIFT_OPTIMIZATION_LEVEL = "-Onone";
			};
			name = Debug;
		};
		7973E65629190D9000B26890 /* Release */ = {
			isa = XCBuildConfiguration;
			buildSettings = {
				ALWAYS_SEARCH_USER_PATHS = NO;
				CLANG_ANALYZER_NONNULL = YES;
				CLANG_ANALYZER_NUMBER_OBJECT_CONVERSION = YES_AGGRESSIVE;
				CLANG_CXX_LANGUAGE_STANDARD = "gnu++20";
				CLANG_ENABLE_MODULES = YES;
				CLANG_ENABLE_OBJC_ARC = YES;
				CLANG_ENABLE_OBJC_WEAK = YES;
				CLANG_WARN_BLOCK_CAPTURE_AUTORELEASING = YES;
				CLANG_WARN_BOOL_CONVERSION = YES;
				CLANG_WARN_COMMA = YES;
				CLANG_WARN_CONSTANT_CONVERSION = YES;
				CLANG_WARN_DEPRECATED_OBJC_IMPLEMENTATIONS = YES;
				CLANG_WARN_DIRECT_OBJC_ISA_USAGE = YES_ERROR;
				CLANG_WARN_DOCUMENTATION_COMMENTS = YES;
				CLANG_WARN_EMPTY_BODY = YES;
				CLANG_WARN_ENUM_CONVERSION = YES;
				CLANG_WARN_INFINITE_RECURSION = YES;
				CLANG_WARN_INT_CONVERSION = YES;
				CLANG_WARN_NON_LITERAL_NULL_CONVERSION = YES;
				CLANG_WARN_OBJC_IMPLICIT_RETAIN_SELF = YES;
				CLANG_WARN_OBJC_LITERAL_CONVERSION = YES;
				CLANG_WARN_OBJC_ROOT_CLASS = YES_ERROR;
				CLANG_WARN_QUOTED_INCLUDE_IN_FRAMEWORK_HEADER = YES;
				CLANG_WARN_RANGE_LOOP_ANALYSIS = YES;
				CLANG_WARN_STRICT_PROTOTYPES = YES;
				CLANG_WARN_SUSPICIOUS_MOVE = YES;
				CLANG_WARN_UNGUARDED_AVAILABILITY = YES_AGGRESSIVE;
				CLANG_WARN_UNREACHABLE_CODE = YES;
				CLANG_WARN__DUPLICATE_METHOD_MATCH = YES;
				COPY_PHASE_STRIP = NO;
				DEBUG_INFORMATION_FORMAT = "dwarf-with-dsym";
				ENABLE_NS_ASSERTIONS = NO;
				ENABLE_STRICT_OBJC_MSGSEND = YES;
				GCC_C_LANGUAGE_STANDARD = gnu11;
				GCC_NO_COMMON_BLOCKS = YES;
				GCC_WARN_64_TO_32_BIT_CONVERSION = YES;
				GCC_WARN_ABOUT_RETURN_TYPE = YES_ERROR;
				GCC_WARN_UNDECLARED_SELECTOR = YES;
				GCC_WARN_UNINITIALIZED_AUTOS = YES_AGGRESSIVE;
				GCC_WARN_UNUSED_FUNCTION = YES;
				GCC_WARN_UNUSED_VARIABLE = YES;
				IPHONEOS_DEPLOYMENT_TARGET = 16.0;
				MTL_ENABLE_DEBUG_INFO = NO;
				MTL_FAST_MATH = YES;
				SDKROOT = iphoneos;
				SWIFT_COMPILATION_MODE = wholemodule;
				SWIFT_OPTIMIZATION_LEVEL = "-O";
				VALIDATE_PRODUCT = YES;
			};
			name = Release;
		};
		7973E65829190D9000B26890 /* Debug */ = {
			isa = XCBuildConfiguration;
			baseConfigurationReference = B25F5697BFADE10F05EA7FB4 /* Pods-internship_ios_2022.debug.xcconfig */;
			buildSettings = {
				ASSETCATALOG_COMPILER_APPICON_NAME = AppIcon;
				ASSETCATALOG_COMPILER_GLOBAL_ACCENT_COLOR_NAME = AccentColor;
				CODE_SIGN_STYLE = Automatic;
				CURRENT_PROJECT_VERSION = 1;
				DEVELOPMENT_TEAM = V72FC8R65V;
				GENERATE_INFOPLIST_FILE = YES;
				INFOPLIST_FILE = internship_ios_2022/Resources/Info.plist;
				INFOPLIST_KEY_UIApplicationSupportsIndirectInputEvents = YES;
				INFOPLIST_KEY_UILaunchStoryboardName = LaunchScreen;
				INFOPLIST_KEY_UISupportedInterfaceOrientations_iPad = "UIInterfaceOrientationPortrait UIInterfaceOrientationPortraitUpsideDown UIInterfaceOrientationLandscapeLeft UIInterfaceOrientationLandscapeRight";
				INFOPLIST_KEY_UISupportedInterfaceOrientations_iPhone = "UIInterfaceOrientationPortrait UIInterfaceOrientationLandscapeLeft UIInterfaceOrientationLandscapeRight";
				LD_RUNPATH_SEARCH_PATHS = (
					"$(inherited)",
					"@executable_path/Frameworks",
				);
				MARKETING_VERSION = 1.0;
				PRODUCT_BUNDLE_IDENTIFIER = "Roman.internship-ios-2022";
				PRODUCT_NAME = "$(TARGET_NAME)";
				SWIFT_EMIT_LOC_STRINGS = YES;
				SWIFT_VERSION = 5.0;
				TARGETED_DEVICE_FAMILY = "1,2";
			};
			name = Debug;
		};
		7973E65929190D9000B26890 /* Release */ = {
			isa = XCBuildConfiguration;
			baseConfigurationReference = F4B17E567D41807A80A22657 /* Pods-internship_ios_2022.release.xcconfig */;
			buildSettings = {
				ASSETCATALOG_COMPILER_APPICON_NAME = AppIcon;
				ASSETCATALOG_COMPILER_GLOBAL_ACCENT_COLOR_NAME = AccentColor;
				CODE_SIGN_STYLE = Automatic;
				CURRENT_PROJECT_VERSION = 1;
				DEVELOPMENT_TEAM = V72FC8R65V;
				GENERATE_INFOPLIST_FILE = YES;
				INFOPLIST_FILE = internship_ios_2022/Resources/Info.plist;
				INFOPLIST_KEY_UIApplicationSupportsIndirectInputEvents = YES;
				INFOPLIST_KEY_UILaunchStoryboardName = LaunchScreen;
				INFOPLIST_KEY_UISupportedInterfaceOrientations_iPad = "UIInterfaceOrientationPortrait UIInterfaceOrientationPortraitUpsideDown UIInterfaceOrientationLandscapeLeft UIInterfaceOrientationLandscapeRight";
				INFOPLIST_KEY_UISupportedInterfaceOrientations_iPhone = "UIInterfaceOrientationPortrait UIInterfaceOrientationLandscapeLeft UIInterfaceOrientationLandscapeRight";
				LD_RUNPATH_SEARCH_PATHS = (
					"$(inherited)",
					"@executable_path/Frameworks",
				);
				MARKETING_VERSION = 1.0;
				PRODUCT_BUNDLE_IDENTIFIER = "Roman.internship-ios-2022";
				PRODUCT_NAME = "$(TARGET_NAME)";
				SWIFT_EMIT_LOC_STRINGS = YES;
				SWIFT_VERSION = 5.0;
				TARGETED_DEVICE_FAMILY = "1,2";
			};
			name = Release;
		};
/* End XCBuildConfiguration section */

/* Begin XCConfigurationList section */
		7973E63B29190D8E00B26890 /* Build configuration list for PBXProject "internship_ios_2022" */ = {
			isa = XCConfigurationList;
			buildConfigurations = (
				7973E65529190D9000B26890 /* Debug */,
				7973E65629190D9000B26890 /* Release */,
			);
			defaultConfigurationIsVisible = 0;
			defaultConfigurationName = Release;
		};
		7973E65729190D9000B26890 /* Build configuration list for PBXNativeTarget "internship_ios_2022" */ = {
			isa = XCConfigurationList;
			buildConfigurations = (
				7973E65829190D9000B26890 /* Debug */,
				7973E65929190D9000B26890 /* Release */,
			);
			defaultConfigurationIsVisible = 0;
			defaultConfigurationName = Release;
		};
/* End XCConfigurationList section */

/* Begin XCVersionGroup section */
		7973E64C29190D8E00B26890 /* internship_ios_2022.xcdatamodeld */ = {
			isa = XCVersionGroup;
			children = (
				7973E64D29190D8E00B26890 /* internship_ios_2022.xcdatamodel */,
			);
			currentVersion = 7973E64D29190D8E00B26890 /* internship_ios_2022.xcdatamodel */;
			path = internship_ios_2022.xcdatamodeld;
			sourceTree = "<group>";
			versionGroupType = wrapper.xcdatamodel;
		};
/* End XCVersionGroup section */
	};
	rootObject = 7973E63829190D8E00B26890 /* Project object */;
}
